// !$*UTF8*$!
{
	archiveVersion = 1;
	classes = {
	};
	objectVersion = 48;
	objects = {

/* Begin PBXBuildFile section */
		D6309BD920A70B0400DD52DC /* SplashViewController.swift in Sources */ = {isa = PBXBuildFile; fileRef = D6309BD820A70B0400DD52DC /* SplashViewController.swift */; };
		D6309BDB20A70B3300DD52DC /* SplashView.swift in Sources */ = {isa = PBXBuildFile; fileRef = D6309BDA20A70B3300DD52DC /* SplashView.swift */; };
		D6309BDD20A70BD800DD52DC /* SplashPresenter.swift in Sources */ = {isa = PBXBuildFile; fileRef = D6309BDC20A70BD800DD52DC /* SplashPresenter.swift */; };
		D6309BDF20A70C4A00DD52DC /* BasePresenter.swift in Sources */ = {isa = PBXBuildFile; fileRef = D6309BDE20A70C4A00DD52DC /* BasePresenter.swift */; };
		D6309BE120A70CAA00DD52DC /* BaseView.swift in Sources */ = {isa = PBXBuildFile; fileRef = D6309BE020A70CAA00DD52DC /* BaseView.swift */; };
		D6309BE320A7133500DD52DC /* Router.swift in Sources */ = {isa = PBXBuildFile; fileRef = D6309BE220A7133500DD52DC /* Router.swift */; };
		D68E6A2D20A634FE00EF4E19 /* AppDelegate.swift in Sources */ = {isa = PBXBuildFile; fileRef = D68E6A2C20A634FE00EF4E19 /* AppDelegate.swift */; };
		D68E6A3220A634FE00EF4E19 /* Main.storyboard in Resources */ = {isa = PBXBuildFile; fileRef = D68E6A3020A634FE00EF4E19 /* Main.storyboard */; };
		D68E6A3420A634FE00EF4E19 /* Assets.xcassets in Resources */ = {isa = PBXBuildFile; fileRef = D68E6A3320A634FE00EF4E19 /* Assets.xcassets */; };
		D68E6A3720A634FE00EF4E19 /* LaunchScreen.storyboard in Resources */ = {isa = PBXBuildFile; fileRef = D68E6A3520A634FE00EF4E19 /* LaunchScreen.storyboard */; };
		D68E6A4220A634FE00EF4E19 /* Gm8Tests.swift in Sources */ = {isa = PBXBuildFile; fileRef = D68E6A4120A634FE00EF4E19 /* Gm8Tests.swift */; };
		D68E6A4D20A634FE00EF4E19 /* Gm8UITests.swift in Sources */ = {isa = PBXBuildFile; fileRef = D68E6A4C20A634FE00EF4E19 /* Gm8UITests.swift */; };
/* End PBXBuildFile section */

/* Begin PBXContainerItemProxy section */
		D68E6A3E20A634FE00EF4E19 /* PBXContainerItemProxy */ = {
			isa = PBXContainerItemProxy;
			containerPortal = D68E6A2120A634FE00EF4E19 /* Project object */;
			proxyType = 1;
			remoteGlobalIDString = D68E6A2820A634FE00EF4E19;
			remoteInfo = Gm8;
		};
		D68E6A4920A634FE00EF4E19 /* PBXContainerItemProxy */ = {
			isa = PBXContainerItemProxy;
			containerPortal = D68E6A2120A634FE00EF4E19 /* Project object */;
			proxyType = 1;
			remoteGlobalIDString = D68E6A2820A634FE00EF4E19;
			remoteInfo = Gm8;
		};
/* End PBXContainerItemProxy section */

/* Begin PBXFileReference section */
		D6309BD820A70B0400DD52DC /* SplashViewController.swift */ = {isa = PBXFileReference; fileEncoding = 4; lastKnownFileType = sourcecode.swift; path = SplashViewController.swift; sourceTree = "<group>"; };
		D6309BDA20A70B3300DD52DC /* SplashView.swift */ = {isa = PBXFileReference; lastKnownFileType = sourcecode.swift; path = SplashView.swift; sourceTree = "<group>"; };
		D6309BDC20A70BD800DD52DC /* SplashPresenter.swift */ = {isa = PBXFileReference; lastKnownFileType = sourcecode.swift; path = SplashPresenter.swift; sourceTree = "<group>"; };
		D6309BDE20A70C4A00DD52DC /* BasePresenter.swift */ = {isa = PBXFileReference; lastKnownFileType = sourcecode.swift; path = BasePresenter.swift; sourceTree = "<group>"; };
		D6309BE020A70CAA00DD52DC /* BaseView.swift */ = {isa = PBXFileReference; lastKnownFileType = sourcecode.swift; path = BaseView.swift; sourceTree = "<group>"; };
		D6309BE220A7133500DD52DC /* Router.swift */ = {isa = PBXFileReference; lastKnownFileType = sourcecode.swift; path = Router.swift; sourceTree = "<group>"; };
		D68E6A2920A634FE00EF4E19 /* Gm8.app */ = {isa = PBXFileReference; explicitFileType = wrapper.application; includeInIndex = 0; path = Gm8.app; sourceTree = BUILT_PRODUCTS_DIR; };
		D68E6A2C20A634FE00EF4E19 /* AppDelegate.swift */ = {isa = PBXFileReference; lastKnownFileType = sourcecode.swift; path = AppDelegate.swift; sourceTree = "<group>"; };
		D68E6A3120A634FE00EF4E19 /* Base */ = {isa = PBXFileReference; lastKnownFileType = file.storyboard; name = Base; path = Base.lproj/Main.storyboard; sourceTree = "<group>"; };
		D68E6A3320A634FE00EF4E19 /* Assets.xcassets */ = {isa = PBXFileReference; lastKnownFileType = folder.assetcatalog; path = Assets.xcassets; sourceTree = "<group>"; };
		D68E6A3620A634FE00EF4E19 /* Base */ = {isa = PBXFileReference; lastKnownFileType = file.storyboard; name = Base; path = Base.lproj/LaunchScreen.storyboard; sourceTree = "<group>"; };
		D68E6A3820A634FE00EF4E19 /* Info.plist */ = {isa = PBXFileReference; lastKnownFileType = text.plist.xml; path = Info.plist; sourceTree = "<group>"; };
		D68E6A3D20A634FE00EF4E19 /* Gm8Tests.xctest */ = {isa = PBXFileReference; explicitFileType = wrapper.cfbundle; includeInIndex = 0; path = Gm8Tests.xctest; sourceTree = BUILT_PRODUCTS_DIR; };
		D68E6A4120A634FE00EF4E19 /* Gm8Tests.swift */ = {isa = PBXFileReference; lastKnownFileType = sourcecode.swift; path = Gm8Tests.swift; sourceTree = "<group>"; };
		D68E6A4320A634FE00EF4E19 /* Info.plist */ = {isa = PBXFileReference; lastKnownFileType = text.plist.xml; path = Info.plist; sourceTree = "<group>"; };
		D68E6A4820A634FE00EF4E19 /* Gm8UITests.xctest */ = {isa = PBXFileReference; explicitFileType = wrapper.cfbundle; includeInIndex = 0; path = Gm8UITests.xctest; sourceTree = BUILT_PRODUCTS_DIR; };
		D68E6A4C20A634FE00EF4E19 /* Gm8UITests.swift */ = {isa = PBXFileReference; lastKnownFileType = sourcecode.swift; path = Gm8UITests.swift; sourceTree = "<group>"; };
		D68E6A4E20A634FE00EF4E19 /* Info.plist */ = {isa = PBXFileReference; lastKnownFileType = text.plist.xml; path = Info.plist; sourceTree = "<group>"; };
/* End PBXFileReference section */

/* Begin PBXFrameworksBuildPhase section */
		D68E6A2620A634FE00EF4E19 /* Frameworks */ = {
			isa = PBXFrameworksBuildPhase;
			buildActionMask = 2147483647;
			files = (
			);
			runOnlyForDeploymentPostprocessing = 0;
		};
		D68E6A3A20A634FE00EF4E19 /* Frameworks */ = {
			isa = PBXFrameworksBuildPhase;
			buildActionMask = 2147483647;
			files = (
			);
			runOnlyForDeploymentPostprocessing = 0;
		};
		D68E6A4520A634FE00EF4E19 /* Frameworks */ = {
			isa = PBXFrameworksBuildPhase;
			buildActionMask = 2147483647;
			files = (
			);
			runOnlyForDeploymentPostprocessing = 0;
		};
/* End PBXFrameworksBuildPhase section */

/* Begin PBXGroup section */
		D663EEBE20A6DAFB002FFF64 /* Presentation */ = {
			isa = PBXGroup;
			children = (
				D663EEC620A6F0E8002FFF64 /* Mappers */,
				D663EEC520A6F0DE002FFF64 /* Models */,
				D663EEC220A6F06A002FFF64 /* Navigation */,
				D663EEC120A6EFE4002FFF64 /* Presenters */,
				D663EEC020A6EDC5002FFF64 /* UI */,
				D663EEC720A6F0ED002FFF64 /* Views */,
			);
			path = Presentation;
			sourceTree = "<group>";
		};
		D663EEBF20A6DB05002FFF64 /* Data */ = {
			isa = PBXGroup;
			children = (
				D663EEC820A6F166002FFF64 /* Network */,
			);
			path = Data;
			sourceTree = "<group>";
		};
		D663EEC020A6EDC5002FFF64 /* UI */ = {
			isa = PBXGroup;
			children = (
				D6309BD820A70B0400DD52DC /* SplashViewController.swift */,
			);
			path = UI;
			sourceTree = "<group>";
		};
		D663EEC120A6EFE4002FFF64 /* Presenters */ = {
			isa = PBXGroup;
			children = (
				D6309BDC20A70BD800DD52DC /* SplashPresenter.swift */,
				D6309BDE20A70C4A00DD52DC /* BasePresenter.swift */,
			);
			path = Presenters;
			sourceTree = "<group>";
		};
		D663EEC220A6F06A002FFF64 /* Navigation */ = {
			isa = PBXGroup;
			children = (
				D6309BE220A7133500DD52DC /* Router.swift */,
			);
			path = Navigation;
			sourceTree = "<group>";
		};
		D663EEC520A6F0DE002FFF64 /* Models */ = {
			isa = PBXGroup;
			children = (
			);
			path = Models;
			sourceTree = "<group>";
		};
		D663EEC620A6F0E8002FFF64 /* Mappers */ = {
			isa = PBXGroup;
			children = (
			);
			path = Mappers;
			sourceTree = "<group>";
		};
		D663EEC720A6F0ED002FFF64 /* Views */ = {
			isa = PBXGroup;
			children = (
				D6309BDA20A70B3300DD52DC /* SplashView.swift */,
				D6309BE020A70CAA00DD52DC /* BaseView.swift */,
			);
			path = Views;
			sourceTree = "<group>";
		};
		D663EEC820A6F166002FFF64 /* Network */ = {
			isa = PBXGroup;
			children = (
			);
			path = Network;
			sourceTree = "<group>";
		};
		D68E6A2020A634FE00EF4E19 = {
			isa = PBXGroup;
			children = (
				D68E6A2B20A634FE00EF4E19 /* Gm8 */,
				D68E6A4020A634FE00EF4E19 /* Gm8Tests */,
				D68E6A4B20A634FE00EF4E19 /* Gm8UITests */,
				D68E6A2A20A634FE00EF4E19 /* Products */,
			);
			sourceTree = "<group>";
		};
		D68E6A2A20A634FE00EF4E19 /* Products */ = {
			isa = PBXGroup;
			children = (
				D68E6A2920A634FE00EF4E19 /* Gm8.app */,
				D68E6A3D20A634FE00EF4E19 /* Gm8Tests.xctest */,
				D68E6A4820A634FE00EF4E19 /* Gm8UITests.xctest */,
			);
			name = Products;
			sourceTree = "<group>";
		};
		D68E6A2B20A634FE00EF4E19 /* Gm8 */ = {
			isa = PBXGroup;
			children = (
				D68E6A2C20A634FE00EF4E19 /* AppDelegate.swift */,
				D663EEBF20A6DB05002FFF64 /* Data */,
				D663EEBE20A6DAFB002FFF64 /* Presentation */,
				D68E6A3020A634FE00EF4E19 /* Main.storyboard */,
				D68E6A3320A634FE00EF4E19 /* Assets.xcassets */,
				D68E6A3520A634FE00EF4E19 /* LaunchScreen.storyboard */,
				D68E6A3820A634FE00EF4E19 /* Info.plist */,
			);
			path = Gm8;
			sourceTree = "<group>";
		};
		D68E6A4020A634FE00EF4E19 /* Gm8Tests */ = {
			isa = PBXGroup;
			children = (
				D68E6A4120A634FE00EF4E19 /* Gm8Tests.swift */,
				D68E6A4320A634FE00EF4E19 /* Info.plist */,
			);
			path = Gm8Tests;
			sourceTree = "<group>";
		};
		D68E6A4B20A634FE00EF4E19 /* Gm8UITests */ = {
			isa = PBXGroup;
			children = (
				D68E6A4C20A634FE00EF4E19 /* Gm8UITests.swift */,
				D68E6A4E20A634FE00EF4E19 /* Info.plist */,
			);
			path = Gm8UITests;
			sourceTree = "<group>";
		};
/* End PBXGroup section */

/* Begin PBXNativeTarget section */
		D68E6A2820A634FE00EF4E19 /* Gm8 */ = {
			isa = PBXNativeTarget;
			buildConfigurationList = D68E6A5120A634FE00EF4E19 /* Build configuration list for PBXNativeTarget "Gm8" */;
			buildPhases = (
				D68E6A2520A634FE00EF4E19 /* Sources */,
				D68E6A2620A634FE00EF4E19 /* Frameworks */,
				D68E6A2720A634FE00EF4E19 /* Resources */,
			);
			buildRules = (
			);
			dependencies = (
			);
			name = Gm8;
			productName = Gm8;
			productReference = D68E6A2920A634FE00EF4E19 /* Gm8.app */;
			productType = "com.apple.product-type.application";
		};
		D68E6A3C20A634FE00EF4E19 /* Gm8Tests */ = {
			isa = PBXNativeTarget;
			buildConfigurationList = D68E6A5420A634FE00EF4E19 /* Build configuration list for PBXNativeTarget "Gm8Tests" */;
			buildPhases = (
				D68E6A3920A634FE00EF4E19 /* Sources */,
				D68E6A3A20A634FE00EF4E19 /* Frameworks */,
				D68E6A3B20A634FE00EF4E19 /* Resources */,
			);
			buildRules = (
			);
			dependencies = (
				D68E6A3F20A634FE00EF4E19 /* PBXTargetDependency */,
			);
			name = Gm8Tests;
			productName = Gm8Tests;
			productReference = D68E6A3D20A634FE00EF4E19 /* Gm8Tests.xctest */;
			productType = "com.apple.product-type.bundle.unit-test";
		};
		D68E6A4720A634FE00EF4E19 /* Gm8UITests */ = {
			isa = PBXNativeTarget;
			buildConfigurationList = D68E6A5720A634FE00EF4E19 /* Build configuration list for PBXNativeTarget "Gm8UITests" */;
			buildPhases = (
				D68E6A4420A634FE00EF4E19 /* Sources */,
				D68E6A4520A634FE00EF4E19 /* Frameworks */,
				D68E6A4620A634FE00EF4E19 /* Resources */,
			);
			buildRules = (
			);
			dependencies = (
				D68E6A4A20A634FE00EF4E19 /* PBXTargetDependency */,
			);
			name = Gm8UITests;
			productName = Gm8UITests;
			productReference = D68E6A4820A634FE00EF4E19 /* Gm8UITests.xctest */;
			productType = "com.apple.product-type.bundle.ui-testing";
		};
/* End PBXNativeTarget section */

/* Begin PBXProject section */
		D68E6A2120A634FE00EF4E19 /* Project object */ = {
			isa = PBXProject;
			attributes = {
				LastSwiftUpdateCheck = 0920;
				LastUpgradeCheck = 0920;
				ORGANIZATIONNAME = Hackintosh;
				TargetAttributes = {
					D68E6A2820A634FE00EF4E19 = {
						CreatedOnToolsVersion = 9.2;
						ProvisioningStyle = Automatic;
					};
					D68E6A3C20A634FE00EF4E19 = {
						CreatedOnToolsVersion = 9.2;
						ProvisioningStyle = Automatic;
						TestTargetID = D68E6A2820A634FE00EF4E19;
					};
					D68E6A4720A634FE00EF4E19 = {
						CreatedOnToolsVersion = 9.2;
						ProvisioningStyle = Automatic;
						TestTargetID = D68E6A2820A634FE00EF4E19;
					};
				};
			};
			buildConfigurationList = D68E6A2420A634FE00EF4E19 /* Build configuration list for PBXProject "Gm8" */;
			compatibilityVersion = "Xcode 8.0";
			developmentRegion = en;
			hasScannedForEncodings = 0;
			knownRegions = (
				en,
				Base,
			);
			mainGroup = D68E6A2020A634FE00EF4E19;
			productRefGroup = D68E6A2A20A634FE00EF4E19 /* Products */;
			projectDirPath = "";
			projectRoot = "";
			targets = (
				D68E6A2820A634FE00EF4E19 /* Gm8 */,
				D68E6A3C20A634FE00EF4E19 /* Gm8Tests */,
				D68E6A4720A634FE00EF4E19 /* Gm8UITests */,
			);
		};
/* End PBXProject section */

/* Begin PBXResourcesBuildPhase section */
		D68E6A2720A634FE00EF4E19 /* Resources */ = {
			isa = PBXResourcesBuildPhase;
			buildActionMask = 2147483647;
			files = (
				D68E6A3720A634FE00EF4E19 /* LaunchScreen.storyboard in Resources */,
				D68E6A3420A634FE00EF4E19 /* Assets.xcassets in Resources */,
				D68E6A3220A634FE00EF4E19 /* Main.storyboard in Resources */,
			);
			runOnlyForDeploymentPostprocessing = 0;
		};
		D68E6A3B20A634FE00EF4E19 /* Resources */ = {
			isa = PBXResourcesBuildPhase;
			buildActionMask = 2147483647;
			files = (
			);
			runOnlyForDeploymentPostprocessing = 0;
		};
		D68E6A4620A634FE00EF4E19 /* Resources */ = {
			isa = PBXResourcesBuildPhase;
			buildActionMask = 2147483647;
			files = (
			);
			runOnlyForDeploymentPostprocessing = 0;
		};
/* End PBXResourcesBuildPhase section */

/* Begin PBXSourcesBuildPhase section */
		D68E6A2520A634FE00EF4E19 /* Sources */ = {
			isa = PBXSourcesBuildPhase;
			buildActionMask = 2147483647;
			files = (
				D6309BD920A70B0400DD52DC /* SplashViewController.swift in Sources */,
				D6309BDF20A70C4A00DD52DC /* BasePresenter.swift in Sources */,
				D68E6A2D20A634FE00EF4E19 /* AppDelegate.swift in Sources */,
				D6309BE320A7133500DD52DC /* Router.swift in Sources */,
				D6309BE120A70CAA00DD52DC /* BaseView.swift in Sources */,
				D6309BDB20A70B3300DD52DC /* SplashView.swift in Sources */,
				D6309BDD20A70BD800DD52DC /* SplashPresenter.swift in Sources */,
			);
			runOnlyForDeploymentPostprocessing = 0;
		};
		D68E6A3920A634FE00EF4E19 /* Sources */ = {
			isa = PBXSourcesBuildPhase;
			buildActionMask = 2147483647;
			files = (
				D68E6A4220A634FE00EF4E19 /* Gm8Tests.swift in Sources */,
			);
			runOnlyForDeploymentPostprocessing = 0;
		};
		D68E6A4420A634FE00EF4E19 /* Sources */ = {
			isa = PBXSourcesBuildPhase;
			buildActionMask = 2147483647;
			files = (
				D68E6A4D20A634FE00EF4E19 /* Gm8UITests.swift in Sources */,
			);
			runOnlyForDeploymentPostprocessing = 0;
		};
/* End PBXSourcesBuildPhase section */

/* Begin PBXTargetDependency section */
		D68E6A3F20A634FE00EF4E19 /* PBXTargetDependency */ = {
			isa = PBXTargetDependency;
			target = D68E6A2820A634FE00EF4E19 /* Gm8 */;
			targetProxy = D68E6A3E20A634FE00EF4E19 /* PBXContainerItemProxy */;
		};
		D68E6A4A20A634FE00EF4E19 /* PBXTargetDependency */ = {
			isa = PBXTargetDependency;
			target = D68E6A2820A634FE00EF4E19 /* Gm8 */;
			targetProxy = D68E6A4920A634FE00EF4E19 /* PBXContainerItemProxy */;
		};
/* End PBXTargetDependency section */

/* Begin PBXVariantGroup section */
		D68E6A3020A634FE00EF4E19 /* Main.storyboard */ = {
			isa = PBXVariantGroup;
			children = (
				D68E6A3120A634FE00EF4E19 /* Base */,
			);
			name = Main.storyboard;
			sourceTree = "<group>";
		};
		D68E6A3520A634FE00EF4E19 /* LaunchScreen.storyboard */ = {
			isa = PBXVariantGroup;
			children = (
				D68E6A3620A634FE00EF4E19 /* Base */,
			);
			name = LaunchScreen.storyboard;
			sourceTree = "<group>";
		};
/* End PBXVariantGroup section */

/* Begin XCBuildConfiguration section */
		D68E6A4F20A634FE00EF4E19 /* Debug */ = {
			isa = XCBuildConfiguration;
			buildSettings = {
				ALWAYS_SEARCH_USER_PATHS = NO;
				CLANG_ANALYZER_NONNULL = YES;
				CLANG_ANALYZER_NUMBER_OBJECT_CONVERSION = YES_AGGRESSIVE;
				CLANG_CXX_LANGUAGE_STANDARD = "gnu++14";
				CLANG_CXX_LIBRARY = "libc++";
				CLANG_ENABLE_MODULES = YES;
				CLANG_ENABLE_OBJC_ARC = YES;
				CLANG_WARN_BLOCK_CAPTURE_AUTORELEASING = YES;
				CLANG_WARN_BOOL_CONVERSION = YES;
				CLANG_WARN_COMMA = YES;
				CLANG_WARN_CONSTANT_CONVERSION = YES;
				CLANG_WARN_DIRECT_OBJC_ISA_USAGE = YES_ERROR;
				CLANG_WARN_DOCUMENTATION_COMMENTS = YES;
				CLANG_WARN_EMPTY_BODY = YES;
				CLANG_WARN_ENUM_CONVERSION = YES;
				CLANG_WARN_INFINITE_RECURSION = YES;
				CLANG_WARN_INT_CONVERSION = YES;
				CLANG_WARN_NON_LITERAL_NULL_CONVERSION = YES;
				CLANG_WARN_OBJC_LITERAL_CONVERSION = YES;
				CLANG_WARN_OBJC_ROOT_CLASS = YES_ERROR;
				CLANG_WARN_RANGE_LOOP_ANALYSIS = YES;
				CLANG_WARN_STRICT_PROTOTYPES = YES;
				CLANG_WARN_SUSPICIOUS_MOVE = YES;
				CLANG_WARN_UNGUARDED_AVAILABILITY = YES_AGGRESSIVE;
				CLANG_WARN_UNREACHABLE_CODE = YES;
				CLANG_WARN__DUPLICATE_METHOD_MATCH = YES;
				CODE_SIGN_IDENTITY = "iPhone Developer";
				COPY_PHASE_STRIP = NO;
				DEBUG_INFORMATION_FORMAT = dwarf;
				ENABLE_STRICT_OBJC_MSGSEND = YES;
				ENABLE_TESTABILITY = YES;
				GCC_C_LANGUAGE_STANDARD = gnu11;
				GCC_DYNAMIC_NO_PIC = NO;
				GCC_NO_COMMON_BLOCKS = YES;
				GCC_OPTIMIZATION_LEVEL = 0;
				GCC_PREPROCESSOR_DEFINITIONS = (
					"DEBUG=1",
					"$(inherited)",
				);
				GCC_WARN_64_TO_32_BIT_CONVERSION = YES;
				GCC_WARN_ABOUT_RETURN_TYPE = YES_ERROR;
				GCC_WARN_UNDECLARED_SELECTOR = YES;
				GCC_WARN_UNINITIALIZED_AUTOS = YES_AGGRESSIVE;
				GCC_WARN_UNUSED_FUNCTION = YES;
				GCC_WARN_UNUSED_VARIABLE = YES;
				IPHONEOS_DEPLOYMENT_TARGET = 11.2;
				MTL_ENABLE_DEBUG_INFO = YES;
				ONLY_ACTIVE_ARCH = YES;
				SDKROOT = iphoneos;
				SWIFT_ACTIVE_COMPILATION_CONDITIONS = DEBUG;
				SWIFT_OPTIMIZATION_LEVEL = "-Onone";
			};
			name = Debug;
		};
		D68E6A5020A634FE00EF4E19 /* Release */ = {
			isa = XCBuildConfiguration;
			buildSettings = {
				ALWAYS_SEARCH_USER_PATHS = NO;
				CLANG_ANALYZER_NONNULL = YES;
				CLANG_ANALYZER_NUMBER_OBJECT_CONVERSION = YES_AGGRESSIVE;
				CLANG_CXX_LANGUAGE_STANDARD = "gnu++14";
				CLANG_CXX_LIBRARY = "libc++";
				CLANG_ENABLE_MODULES = YES;
				CLANG_ENABLE_OBJC_ARC = YES;
				CLANG_WARN_BLOCK_CAPTURE_AUTORELEASING = YES;
				CLANG_WARN_BOOL_CONVERSION = YES;
				CLANG_WARN_COMMA = YES;
				CLANG_WARN_CONSTANT_CONVERSION = YES;
				CLANG_WARN_DIRECT_OBJC_ISA_USAGE = YES_ERROR;
				CLANG_WARN_DOCUMENTATION_COMMENTS = YES;
				CLANG_WARN_EMPTY_BODY = YES;
				CLANG_WARN_ENUM_CONVERSION = YES;
				CLANG_WARN_INFINITE_RECURSION = YES;
				CLANG_WARN_INT_CONVERSION = YES;
				CLANG_WARN_NON_LITERAL_NULL_CONVERSION = YES;
				CLANG_WARN_OBJC_LITERAL_CONVERSION = YES;
				CLANG_WARN_OBJC_ROOT_CLASS = YES_ERROR;
				CLANG_WARN_RANGE_LOOP_ANALYSIS = YES;
				CLANG_WARN_STRICT_PROTOTYPES = YES;
				CLANG_WARN_SUSPICIOUS_MOVE = YES;
				CLANG_WARN_UNGUARDED_AVAILABILITY = YES_AGGRESSIVE;
				CLANG_WARN_UNREACHABLE_CODE = YES;
				CLANG_WARN__DUPLICATE_METHOD_MATCH = YES;
				CODE_SIGN_IDENTITY = "iPhone Developer";
				COPY_PHASE_STRIP = NO;
				DEBUG_INFORMATION_FORMAT = "dwarf-with-dsym";
				ENABLE_NS_ASSERTIONS = NO;
				ENABLE_STRICT_OBJC_MSGSEND = YES;
				GCC_C_LANGUAGE_STANDARD = gnu11;
				GCC_NO_COMMON_BLOCKS = YES;
				GCC_WARN_64_TO_32_BIT_CONVERSION = YES;
				GCC_WARN_ABOUT_RETURN_TYPE = YES_ERROR;
				GCC_WARN_UNDECLARED_SELECTOR = YES;
				GCC_WARN_UNINITIALIZED_AUTOS = YES_AGGRESSIVE;
				GCC_WARN_UNUSED_FUNCTION = YES;
				GCC_WARN_UNUSED_VARIABLE = YES;
				IPHONEOS_DEPLOYMENT_TARGET = 11.2;
				MTL_ENABLE_DEBUG_INFO = NO;
				SDKROOT = iphoneos;
				SWIFT_OPTIMIZATION_LEVEL = "-Owholemodule";
				VALIDATE_PRODUCT = YES;
			};
			name = Release;
		};
		D68E6A5220A634FE00EF4E19 /* Debug */ = {
			isa = XCBuildConfiguration;
			buildSettings = {
				ASSETCATALOG_COMPILER_APPICON_NAME = AppIcon;
				CODE_SIGN_STYLE = Automatic;
				DEVELOPMENT_TEAM = GEW7T3V9U6;
				INFOPLIST_FILE = Gm8/Info.plist;
				LD_RUNPATH_SEARCH_PATHS = "$(inherited) @executable_path/Frameworks";
				PRODUCT_BUNDLE_IDENTIFIER = hackintosh.Gm8;
				PRODUCT_NAME = "$(TARGET_NAME)";
				SWIFT_VERSION = 4.0;
				TARGETED_DEVICE_FAMILY = "1,2";
			};
			name = Debug;
		};
		D68E6A5320A634FE00EF4E19 /* Release */ = {
			isa = XCBuildConfiguration;
			buildSettings = {
				ASSETCATALOG_COMPILER_APPICON_NAME = AppIcon;
				CODE_SIGN_STYLE = Automatic;
				DEVELOPMENT_TEAM = GEW7T3V9U6;
				INFOPLIST_FILE = Gm8/Info.plist;
				LD_RUNPATH_SEARCH_PATHS = "$(inherited) @executable_path/Frameworks";
				PRODUCT_BUNDLE_IDENTIFIER = hackintosh.Gm8;
				PRODUCT_NAME = "$(TARGET_NAME)";
				SWIFT_VERSION = 4.0;
				TARGETED_DEVICE_FAMILY = "1,2";
			};
			name = Release;
		};
		D68E6A5520A634FE00EF4E19 /* Debug */ = {
			isa = XCBuildConfiguration;
			buildSettings = {
				ALWAYS_EMBED_SWIFT_STANDARD_LIBRARIES = YES;
				BUNDLE_LOADER = "$(TEST_HOST)";
				CODE_SIGN_STYLE = Automatic;
				DEVELOPMENT_TEAM = GEW7T3V9U6;
				INFOPLIST_FILE = Gm8Tests/Info.plist;
				LD_RUNPATH_SEARCH_PATHS = "$(inherited) @executable_path/Frameworks @loader_path/Frameworks";
				PRODUCT_BUNDLE_IDENTIFIER = hackintosh.Gm8Tests;
				PRODUCT_NAME = "$(TARGET_NAME)";
				SWIFT_VERSION = 4.0;
				TARGETED_DEVICE_FAMILY = "1,2";
				TEST_HOST = "$(BUILT_PRODUCTS_DIR)/Gm8.app/Gm8";
			};
			name = Debug;
		};
		D68E6A5620A634FE00EF4E19 /* Release */ = {
			isa = XCBuildConfiguration;
			buildSettings = {
				ALWAYS_EMBED_SWIFT_STANDARD_LIBRARIES = YES;
				BUNDLE_LOADER = "$(TEST_HOST)";
				CODE_SIGN_STYLE = Automatic;
				DEVELOPMENT_TEAM = GEW7T3V9U6;
				INFOPLIST_FILE = Gm8Tests/Info.plist;
				LD_RUNPATH_SEARCH_PATHS = "$(inherited) @executable_path/Frameworks @loader_path/Frameworks";
				PRODUCT_BUNDLE_IDENTIFIER = hackintosh.Gm8Tests;
				PRODUCT_NAME = "$(TARGET_NAME)";
				SWIFT_VERSION = 4.0;
				TARGETED_DEVICE_FAMILY = "1,2";
				TEST_HOST = "$(BUILT_PRODUCTS_DIR)/Gm8.app/Gm8";
			};
			name = Release;
		};
		D68E6A5820A634FE00EF4E19 /* Debug */ = {
			isa = XCBuildConfiguration;
			buildSettings = {
				ALWAYS_EMBED_SWIFT_STANDARD_LIBRARIES = YES;
				CODE_SIGN_STYLE = Automatic;
				DEVELOPMENT_TEAM = GEW7T3V9U6;
				INFOPLIST_FILE = Gm8UITests/Info.plist;
				LD_RUNPATH_SEARCH_PATHS = "$(inherited) @executable_path/Frameworks @loader_path/Frameworks";
				PRODUCT_BUNDLE_IDENTIFIER = hackintosh.Gm8UITests;
				PRODUCT_NAME = "$(TARGET_NAME)";
				SWIFT_VERSION = 4.0;
				TARGETED_DEVICE_FAMILY = "1,2";
				TEST_TARGET_NAME = Gm8;
			};
			name = Debug;
		};
		D68E6A5920A634FE00EF4E19 /* Release */ = {
			isa = XCBuildConfiguration;
			buildSettings = {
				ALWAYS_EMBED_SWIFT_STANDARD_LIBRARIES = YES;
				CODE_SIGN_STYLE = Automatic;
				DEVELOPMENT_TEAM = GEW7T3V9U6;
				INFOPLIST_FILE = Gm8UITests/Info.plist;
				LD_RUNPATH_SEARCH_PATHS = "$(inherited) @executable_path/Frameworks @loader_path/Frameworks";
				PRODUCT_BUNDLE_IDENTIFIER = hackintosh.Gm8UITests;
				PRODUCT_NAME = "$(TARGET_NAME)";
				SWIFT_VERSION = 4.0;
				TARGETED_DEVICE_FAMILY = "1,2";
				TEST_TARGET_NAME = Gm8;
			};
			name = Release;
		};
/* End XCBuildConfiguration section */

/* Begin XCConfigurationList section */
		D68E6A2420A634FE00EF4E19 /* Build configuration list for PBXProject "Gm8" */ = {
			isa = XCConfigurationList;
			buildConfigurations = (
				D68E6A4F20A634FE00EF4E19 /* Debug */,
				D68E6A5020A634FE00EF4E19 /* Release */,
			);
			defaultConfigurationIsVisible = 0;
			defaultConfigurationName = Release;
		};
		D68E6A5120A634FE00EF4E19 /* Build configuration list for PBXNativeTarget "Gm8" */ = {
			isa = XCConfigurationList;
			buildConfigurations = (
				D68E6A5220A634FE00EF4E19 /* Debug */,
				D68E6A5320A634FE00EF4E19 /* Release */,
			);
			defaultConfigurationIsVisible = 0;
			defaultConfigurationName = Release;
		};
		D68E6A5420A634FE00EF4E19 /* Build configuration list for PBXNativeTarget "Gm8Tests" */ = {
			isa = XCConfigurationList;
			buildConfigurations = (
				D68E6A5520A634FE00EF4E19 /* Debug */,
				D68E6A5620A634FE00EF4E19 /* Release */,
			);
			defaultConfigurationIsVisible = 0;
			defaultConfigurationName = Release;
		};
		D68E6A5720A634FE00EF4E19 /* Build configuration list for PBXNativeTarget "Gm8UITests" */ = {
			isa = XCConfigurationList;
			buildConfigurations = (
				D68E6A5820A634FE00EF4E19 /* Debug */,
				D68E6A5920A634FE00EF4E19 /* Release */,
			);
			defaultConfigurationIsVisible = 0;
			defaultConfigurationName = Release;
		};
/* End XCConfigurationList section */
	};
	rootObject = D68E6A2120A634FE00EF4E19 /* Project object */;
}
